
Microsoft Visual Studio Solution File, Format Version 12.00
# Visual Studio Version 17
VisualStudioVersion = 17.9.34616.47
MinimumVisualStudioVersion = 10.0.40219.1
Project("{9A19103F-16F7-4668-BE54-9A1E7A4F7556}") = "Beep.Skia", "Beep.Skia\Beep.Skia.csproj", "{68CAD294-2E46-4F0E-B862-A2C0DB098DEA}"
EndProject
Project("{9A19103F-16F7-4668-BE54-9A1E7A4F7556}") = "Beep.Skia.Loader", "Beep.Skia.Loader\Beep.Skia.Loader.csproj", "{34A0BC35-1E2B-4083-8168-AF0181C1F2A6}"
EndProject
Project("{9A19103F-16F7-4668-BE54-9A1E7A4F7556}") = "Beep.Skia.Model", "Beep.Skia.Model\Beep.Skia.Model.csproj", "{3CA324AE-7052-4D95-9733-6027A3D338F7}"
EndProject
Project("{FAE04EC0-301F-11D3-BF4B-00C04F79EFBC}") = "Beep.Skia.Winform.Controls", "Beep.Skia.Winform.Controls\Beep.Skia.Winform.Controls.csproj", "{EF50D50C-5EFF-F9E8-EE06-D70C5599194D}"
EndProject
Project("{FAE04EC0-301F-11D3-BF4B-00C04F79EFBC}") = "Beep.Skia.Sample.WinForms", "Beep.Skia.Sample.WinForms\Beep.Skia.Sample.WinForms.csproj", "{227B6C17-E2C2-58B8-5044-29E4A1BB4093}"
EndProject
Project("{FAE04EC0-301F-11D3-BF4B-00C04F79EFBC}") = "Beep.Skia.ETL", "Beep.Skia.ETL\Beep.Skia.ETL.csproj", "{92E9B984-82A8-404F-8FA7-6A49AA5F6DC9}"
EndProject
Project("{FAE04EC0-301F-11D3-BF4B-00C04F79EFBC}") = "Beep.Skia.UML", "Beep.Skia.UML\Beep.Skia.UML.csproj", "{B19235C7-D84C-4FAF-A8C4-7F07D772A82A}"
EndProject
Project("{FAE04EC0-301F-11D3-BF4B-00C04F79EFBC}") = "Beep.Ski.Quantitative", "Beep.Ski.Quantitative\Beep.Ski.Quantitative.csproj", "{D49787C5-C811-4F37-945D-CC70EBFBDD60}"
EndProject
Project("{FAE04EC0-301F-11D3-BF4B-00C04F79EFBC}") = "Beep.Skia.Business", "Beep.Skia.Business\Beep.Skia.Business.csproj", "{9C9C2825-9A33-4E80-949E-D1B346D001EE}"
EndProject
Global
	GlobalSection(SolutionConfigurationPlatforms) = preSolution
		Debug|Any CPU = Debug|Any CPU
		Release|Any CPU = Release|Any CPU
	EndGlobalSection
	GlobalSection(ProjectConfigurationPlatforms) = postSolution
		{68CAD294-2E46-4F0E-B862-A2C0DB098DEA}.Debug|Any CPU.ActiveCfg = Debug|Any CPU
		{68CAD294-2E46-4F0E-B862-A2C0DB098DEA}.Debug|Any CPU.Build.0 = Debug|Any CPU
		{68CAD294-2E46-4F0E-B862-A2C0DB098DEA}.Release|Any CPU.ActiveCfg = Release|Any CPU
		{68CAD294-2E46-4F0E-B862-A2C0DB098DEA}.Release|Any CPU.Build.0 = Release|Any CPU
		{34A0BC35-1E2B-4083-8168-AF0181C1F2A6}.Debug|Any CPU.ActiveCfg = Debug|Any CPU
		{34A0BC35-1E2B-4083-8168-AF0181C1F2A6}.Debug|Any CPU.Build.0 = Debug|Any CPU
		{34A0BC35-1E2B-4083-8168-AF0181C1F2A6}.Release|Any CPU.ActiveCfg = Release|Any CPU
		{34A0BC35-1E2B-4083-8168-AF0181C1F2A6}.Release|Any CPU.Build.0 = Release|Any CPU
		{3CA324AE-7052-4D95-9733-6027A3D338F7}.Debug|Any CPU.ActiveCfg = Debug|Any CPU
		{3CA324AE-7052-4D95-9733-6027A3D338F7}.Debug|Any CPU.Build.0 = Debug|Any CPU
		{3CA324AE-7052-4D95-9733-6027A3D338F7}.Release|Any CPU.ActiveCfg = Release|Any CPU
		{3CA324AE-7052-4D95-9733-6027A3D338F7}.Release|Any CPU.Build.0 = Release|Any CPU
		{EF50D50C-5EFF-F9E8-EE06-D70C5599194D}.Debug|Any CPU.ActiveCfg = Debug|Any CPU
		{EF50D50C-5EFF-F9E8-EE06-D70C5599194D}.Debug|Any CPU.Build.0 = Debug|Any CPU
		{EF50D50C-5EFF-F9E8-EE06-D70C5599194D}.Release|Any CPU.ActiveCfg = Release|Any CPU
		{EF50D50C-5EFF-F9E8-EE06-D70C5599194D}.Release|Any CPU.Build.0 = Release|Any CPU
		{227B6C17-E2C2-58B8-5044-29E4A1BB4093}.Debug|Any CPU.ActiveCfg = Debug|Any CPU
		{227B6C17-E2C2-58B8-5044-29E4A1BB4093}.Debug|Any CPU.Build.0 = Debug|Any CPU
		{227B6C17-E2C2-58B8-5044-29E4A1BB4093}.Release|Any CPU.ActiveCfg = Release|Any CPU
		{227B6C17-E2C2-58B8-5044-29E4A1BB4093}.Release|Any CPU.Build.0 = Release|Any CPU
		{92E9B984-82A8-404F-8FA7-6A49AA5F6DC9}.Debug|Any CPU.ActiveCfg = Debug|Any CPU
		{92E9B984-82A8-404F-8FA7-6A49AA5F6DC9}.Debug|Any CPU.Build.0 = Debug|Any CPU
		{92E9B984-82A8-404F-8FA7-6A49AA5F6DC9}.Release|Any CPU.ActiveCfg = Release|Any CPU
		{92E9B984-82A8-404F-8FA7-6A49AA5F6DC9}.Release|Any CPU.Build.0 = Release|Any CPU
		{B19235C7-D84C-4FAF-A8C4-7F07D772A82A}.Debug|Any CPU.ActiveCfg = Debug|Any CPU
		{B19235C7-D84C-4FAF-A8C4-7F07D772A82A}.Debug|Any CPU.Build.0 = Debug|Any CPU
		{B19235C7-D84C-4FAF-A8C4-7F07D772A82A}.Release|Any CPU.ActiveCfg = Release|Any CPU
		{B19235C7-D84C-4FAF-A8C4-7F07D772A82A}.Release|Any CPU.Build.0 = Release|Any CPU
		{D49787C5-C811-4F37-945D-CC70EBFBDD60}.Debug|Any CPU.ActiveCfg = Debug|Any CPU
		{D49787C5-C811-4F37-945D-CC70EBFBDD60}.Debug|Any CPU.Build.0 = Debug|Any CPU
		{D49787C5-C811-4F37-945D-CC70EBFBDD60}.Release|Any CPU.ActiveCfg = Release|Any CPU
		{D49787C5-C811-4F37-945D-CC70EBFBDD60}.Release|Any CPU.Build.0 = Release|Any CPU
		{9C9C2825-9A33-4E80-949E-D1B346D001EE}.Debug|Any CPU.ActiveCfg = Debug|Any CPU
		{9C9C2825-9A33-4E80-949E-D1B346D001EE}.Debug|Any CPU.Build.0 = Debug|Any CPU
		{9C9C2825-9A33-4E80-949E-D1B346D001EE}.Release|Any CPU.ActiveCfg = Release|Any CPU
		{9C9C2825-9A33-4E80-949E-D1B346D001EE}.Release|Any CPU.Build.0 = Release|Any CPU
	EndGlobalSection
	GlobalSection(SolutionProperties) = preSolution
		HideSolutionNode = FALSE
	EndGlobalSection
	GlobalSection(ExtensibilityGlobals) = postSolution
		SolutionGuid = {FCA3827D-1B7B-4DF0-B510-EF11AFA1306E}
	EndGlobalSection
EndGlobal
